
Microsoft Visual Studio Solution File, Format Version 12.00
# Visual Studio Version 16
VisualStudioVersion = 16.0.29418.71
MinimumVisualStudioVersion = 15.0.26124.0
Project("{2150E333-8FDC-42A3-9474-1A3956D46DE8}") = "src", "src", "{7A18DAB7-08B7-44D4-944A-AD6326762092}"
EndProject
Project("{9A19103F-16F7-4668-BE54-9A1E7A4F7556}") = "Quartz.Web", "src\Quartz.Web\Quartz.Web.csproj", "{094D0CBB-2130-4846-AADB-B8EFF5F0CF36}"
EndProject
Project("{9A19103F-16F7-4668-BE54-9A1E7A4F7556}") = "Quartz.Api", "src\Quartz.Api\Quartz.Api.csproj", "{67B2ED32-2BAF-4C28-9EC3-7BFD29EE7722}"
EndProject
Global
	GlobalSection(SolutionConfigurationPlatforms) = preSolution
		Debug|Any CPU = Debug|Any CPU
		Debug|x64 = Debug|x64
		Debug|x86 = Debug|x86
		Release|Any CPU = Release|Any CPU
		Release|x64 = Release|x64
		Release|x86 = Release|x86
	EndGlobalSection
	GlobalSection(ProjectConfigurationPlatforms) = postSolution
		{094D0CBB-2130-4846-AADB-B8EFF5F0CF36}.Debug|Any CPU.ActiveCfg = Debug|Any CPU
		{094D0CBB-2130-4846-AADB-B8EFF5F0CF36}.Debug|Any CPU.Build.0 = Debug|Any CPU
		{094D0CBB-2130-4846-AADB-B8EFF5F0CF36}.Debug|x64.ActiveCfg = Debug|Any CPU
		{094D0CBB-2130-4846-AADB-B8EFF5F0CF36}.Debug|x64.Build.0 = Debug|Any CPU
		{094D0CBB-2130-4846-AADB-B8EFF5F0CF36}.Debug|x86.ActiveCfg = Debug|Any CPU
		{094D0CBB-2130-4846-AADB-B8EFF5F0CF36}.Debug|x86.Build.0 = Debug|Any CPU
		{094D0CBB-2130-4846-AADB-B8EFF5F0CF36}.Release|Any CPU.ActiveCfg = Release|Any CPU
		{094D0CBB-2130-4846-AADB-B8EFF5F0CF36}.Release|Any CPU.Build.0 = Release|Any CPU
		{094D0CBB-2130-4846-AADB-B8EFF5F0CF36}.Release|x64.ActiveCfg = Release|Any CPU
		{094D0CBB-2130-4846-AADB-B8EFF5F0CF36}.Release|x64.Build.0 = Release|Any CPU
		{094D0CBB-2130-4846-AADB-B8EFF5F0CF36}.Release|x86.ActiveCfg = Release|Any CPU
		{094D0CBB-2130-4846-AADB-B8EFF5F0CF36}.Release|x86.Build.0 = Release|Any CPU
		{67B2ED32-2BAF-4C28-9EC3-7BFD29EE7722}.Debug|Any CPU.ActiveCfg = Debug|Any CPU
		{67B2ED32-2BAF-4C28-9EC3-7BFD29EE7722}.Debug|Any CPU.Build.0 = Debug|Any CPU
		{67B2ED32-2BAF-4C28-9EC3-7BFD29EE7722}.Debug|x64.ActiveCfg = Debug|Any CPU
		{67B2ED32-2BAF-4C28-9EC3-7BFD29EE7722}.Debug|x64.Build.0 = Debug|Any CPU
		{67B2ED32-2BAF-4C28-9EC3-7BFD29EE7722}.Debug|x86.ActiveCfg = Debug|Any CPU
		{67B2ED32-2BAF-4C28-9EC3-7BFD29EE7722}.Debug|x86.Build.0 = Debug|Any CPU
		{67B2ED32-2BAF-4C28-9EC3-7BFD29EE7722}.Release|Any CPU.ActiveCfg = Release|Any CPU
		{67B2ED32-2BAF-4C28-9EC3-7BFD29EE7722}.Release|Any CPU.Build.0 = Release|Any CPU
		{67B2ED32-2BAF-4C28-9EC3-7BFD29EE7722}.Release|x64.ActiveCfg = Release|Any CPU
		{67B2ED32-2BAF-4C28-9EC3-7BFD29EE7722}.Release|x64.Build.0 = Release|Any CPU
		{67B2ED32-2BAF-4C28-9EC3-7BFD29EE7722}.Release|x86.ActiveCfg = Release|Any CPU
		{67B2ED32-2BAF-4C28-9EC3-7BFD29EE7722}.Release|x86.Build.0 = Release|Any CPU
	EndGlobalSection
	GlobalSection(SolutionProperties) = preSolution
		HideSolutionNode = FALSE
	EndGlobalSection
	GlobalSection(NestedProjects) = preSolution
		{094D0CBB-2130-4846-AADB-B8EFF5F0CF36} = {7A18DAB7-08B7-44D4-944A-AD6326762092}
		{67B2ED32-2BAF-4C28-9EC3-7BFD29EE7722} = {7A18DAB7-08B7-44D4-944A-AD6326762092}
	EndGlobalSection
	GlobalSection(ExtensibilityGlobals) = postSolution
		SolutionGuid = {632D5930-625B-4250-9F8C-12E3CD66DA85}
	EndGlobalSection
EndGlobal
