
Microsoft Visual Studio Solution File, Format Version 12.00
# Visual Studio Version 16
VisualStudioVersion = 16.0.29418.71
MinimumVisualStudioVersion = 15.0.26124.0
Project("{2150E333-8FDC-42A3-9474-1A3956D46DE8}") = "src", "src", "{7A18DAB7-08B7-44D4-944A-AD6326762092}"
EndProject
Project("{9A19103F-16F7-4668-BE54-9A1E7A4F7556}") = "Quartz.Api", "Quartz.Api\Quartz.Api.csproj", "{C3A21629-D72F-4FEE-AE77-0B859ACA5920}"
EndProject
Global
	GlobalSection(SolutionConfigurationPlatforms) = preSolution
		Debug|Any CPU = Debug|Any CPU
		Release|Any CPU = Release|Any CPU
	EndGlobalSection
	GlobalSection(ProjectConfigurationPlatforms) = postSolution
		{C3A21629-D72F-4FEE-AE77-0B859ACA5920}.Debug|Any CPU.ActiveCfg = Debug|Any CPU
		{C3A21629-D72F-4FEE-AE77-0B859ACA5920}.Debug|Any CPU.Build.0 = Debug|Any CPU
		{C3A21629-D72F-4FEE-AE77-0B859ACA5920}.Release|Any CPU.ActiveCfg = Release|Any CPU
		{C3A21629-D72F-4FEE-AE77-0B859ACA5920}.Release|Any CPU.Build.0 = Release|Any CPU
	EndGlobalSection
	GlobalSection(SolutionProperties) = preSolution
		HideSolutionNode = FALSE
	EndGlobalSection
	GlobalSection(NestedProjects) = preSolution
		{C3A21629-D72F-4FEE-AE77-0B859ACA5920} = {7A18DAB7-08B7-44D4-944A-AD6326762092}
	EndGlobalSection
	GlobalSection(ExtensibilityGlobals) = postSolution
		SolutionGuid = {632D5930-625B-4250-9F8C-12E3CD66DA85}
	EndGlobalSection
EndGlobal
